{
  "originHash" : "16005fa36a5664992efc319b9b2196a31ba2b4083294d51039859f189ff63c4f",
  "pins" : [
    {
      "identity" : "aws-crt-swift",
      "kind" : "remoteSourceControl",
      "location" : "https://github.com/awslabs/aws-crt-swift",
      "state" : {
        "revision" : "3f844bef042cc0a4c3381f7090414ce3f9a7e935",
        "version" : "0.37.0"
      }
    },
    {
      "identity" : "aws-sdk-swift",
      "kind" : "remoteSourceControl",
      "location" : "https://github.com/aws-amplify/aws-sdk-swift",
      "state" : {
        "revision" : "0c4b24e099af8c191733cc230cde85a01a5a7456",
        "version" : "1.0.41"
      }
    },
    {
      "identity" : "smithy-swift",
      "kind" : "remoteSourceControl",
      "location" : "https://github.com/smithy-lang/smithy-swift",
      "state" : {
        "revision" : "1bd3cdaf7d3669fe4a8aab9d22bfd817e7725e76",
        "version" : "0.93.0"
      }
    },
    {
      "identity" : "swift-log",
      "kind" : "remoteSourceControl",
      "location" : "https://github.com/apple/swift-log.git",
      "state" : {
        "revision" : "9cb486020ebf03bfa5b5df985387a14a98744537",
        "version" : "1.6.1"
      }
    }
  ],
  "version" : 3
}
